
Microsoft Visual Studio Solution File, Format Version 12.00
# Visual Studio Version 16
VisualStudioVersion = 16.0.30523.141
MinimumVisualStudioVersion = 10.0.40219.1
Project("{FAE04EC0-301F-11D3-BF4B-00C04F79EFBC}") = "GamePacman", "GamePacman\GamePacman.csproj", "{935C9AF0-6549-4E64-88BC-AFC2658AD611}"
EndProject
Global
	GlobalSection(SolutionConfigurationPlatforms) = preSolution
		Debug|Any CPU = Debug|Any CPU
		Release|Any CPU = Release|Any CPU
	EndGlobalSection
	GlobalSection(ProjectConfigurationPlatforms) = postSolution
		{935C9AF0-6549-4E64-88BC-AFC2658AD611}.Debug|Any CPU.ActiveCfg = Debug|Any CPU
		{935C9AF0-6549-4E64-88BC-AFC2658AD611}.Debug|Any CPU.Build.0 = Debug|Any CPU
		{935C9AF0-6549-4E64-88BC-AFC2658AD611}.Release|Any CPU.ActiveCfg = Release|Any CPU
		{935C9AF0-6549-4E64-88BC-AFC2658AD611}.Release|Any CPU.Build.0 = Release|Any CPU
	EndGlobalSection
	GlobalSection(SolutionProperties) = preSolution
		HideSolutionNode = FALSE
	EndGlobalSection
	GlobalSection(ExtensibilityGlobals) = postSolution
		SolutionGuid = {C4FE7026-3916-4B4E-B071-985BA5E33C90}
	EndGlobalSection
EndGlobal
